{
  "formatVersion": 1,
  "rootDependencies": {
    "featureFlagStorefrontFlags": "2026-04-12T14-00-00Z"
  },
  "packages": {
    "featureFlagStorefrontFlags@2026-04-12T14-00-00Z": {
      "name": "featureFlagStorefrontFlags",
      "sigilVersion": "2026-04-12T14-00-00Z",
      "npmPackage": "feature-flag-storefront-flags",
      "npmVersion": "20260412.140000.0",
      "integrity": "sha256:1f1437095b1732126fed133131a56437ed0b55fd79e5a3cb462f3276c13e7e7d"
    }
  }
}
